
Microsoft Visual Studio Solution File, Format Version 11.00
# Visual Studio 2010
Project("{F184B08F-C81C-45F6-A57F-5ABD9991F28F}") = "LOGIN VETERINARIA", "LOGIN VETERINARIA\LOGIN VETERINARIA.vbproj", "{B310DAEE-0856-460A-A40B-91E3213750CC}"
EndProject
Global
	GlobalSection(SolutionConfigurationPlatforms) = preSolution
		Debug|x86 = Debug|x86
		Release|x86 = Release|x86
	EndGlobalSection
	GlobalSection(ProjectConfigurationPlatforms) = postSolution
		{B310DAEE-0856-460A-A40B-91E3213750CC}.Debug|x86.ActiveCfg = Debug|x86
		{B310DAEE-0856-460A-A40B-91E3213750CC}.Debug|x86.Build.0 = Debug|x86
		{B310DAEE-0856-460A-A40B-91E3213750CC}.Release|x86.ActiveCfg = Release|x86
		{B310DAEE-0856-460A-A40B-91E3213750CC}.Release|x86.Build.0 = Release|x86
	EndGlobalSection
	GlobalSection(SolutionProperties) = preSolution
		HideSolutionNode = FALSE
	EndGlobalSection
EndGlobal
